
Microsoft Visual Studio Solution File, Format Version 12.00
# Visual Studio Version 17
VisualStudioVersion = 17.12.35707.178
MinimumVisualStudioVersion = 10.0.40219.1
Project("{FAE04EC0-301F-11D3-BF4B-00C04F79EFBC}") = "Travel.API", "Travel.API\Travel.API.csproj", "{50FBF0FB-327D-4B6D-B9E7-8FC282F0937B}"
EndProject
Project("{FAE04EC0-301F-11D3-BF4B-00C04F79EFBC}") = "Travel.Web", "Travel.Web\Travel.Web.csproj", "{D7D6C870-4BF3-46A9-8381-B05E693120A5}"
	ProjectSection(ProjectDependencies) = postProject
		{50FBF0FB-327D-4B6D-B9E7-8FC282F0937B} = {50FBF0FB-327D-4B6D-B9E7-8FC282F0937B}
	EndProjectSection
EndProject
Global
	GlobalSection(SolutionConfigurationPlatforms) = preSolution
		Debug|Any CPU = Debug|Any CPU
		Release|Any CPU = Release|Any CPU
	EndGlobalSection
	GlobalSection(ProjectConfigurationPlatforms) = postSolution
		{50FBF0FB-327D-4B6D-B9E7-8FC282F0937B}.Debug|Any CPU.ActiveCfg = Debug|Any CPU
		{50FBF0FB-327D-4B6D-B9E7-8FC282F0937B}.Debug|Any CPU.Build.0 = Debug|Any CPU
		{50FBF0FB-327D-4B6D-B9E7-8FC282F0937B}.Release|Any CPU.ActiveCfg = Release|Any CPU
		{50FBF0FB-327D-4B6D-B9E7-8FC282F0937B}.Release|Any CPU.Build.0 = Release|Any CPU
		{D7D6C870-4BF3-46A9-8381-B05E693120A5}.Debug|Any CPU.ActiveCfg = Debug|Any CPU
		{D7D6C870-4BF3-46A9-8381-B05E693120A5}.Debug|Any CPU.Build.0 = Debug|Any CPU
		{D7D6C870-4BF3-46A9-8381-B05E693120A5}.Release|Any CPU.ActiveCfg = Release|Any CPU
		{D7D6C870-4BF3-46A9-8381-B05E693120A5}.Release|Any CPU.Build.0 = Release|Any CPU
	EndGlobalSection
	GlobalSection(SolutionProperties) = preSolution
		HideSolutionNode = FALSE
	EndGlobalSection
	GlobalSection(ExtensibilityGlobals) = postSolution
		SolutionGuid = {2747F3BE-7B47-41BF-9886-9379E6FEDD9D}
	EndGlobalSection
EndGlobal
